// !$*UTF8*$!
{
	archiveVersion = 1;
	classes = {
	};
	objectVersion = 46;
	objects = {

/* Begin PBXBuildFile section */
		76E65CD21D4CAE77009B7AF1 /* RNDeviceActivity.h in CopyFiles */ = {isa = PBXBuildFile; fileRef = 76E65CD11D4CAE77009B7AF1 /* RNDeviceActivity.h */; };
		76E65CD41D4CAE77009B7AF1 /* RNDeviceActivity.m in Sources */ = {isa = PBXBuildFile; fileRef = 76E65CD31D4CAE77009B7AF1 /* RNDeviceActivity.m */; };
/* End PBXBuildFile section */

/* Begin PBXCopyFilesBuildPhase section */
		76E65CCD1D4CAE77009B7AF1 /* CopyFiles */ = {
			isa = PBXCopyFilesBuildPhase;
			buildActionMask = 2147483647;
			dstPath = "include/$(PRODUCT_NAME)";
			dstSubfolderSpec = 16;
			files = (
				76E65CD21D4CAE77009B7AF1 /* RNDeviceActivity.h in CopyFiles */,
			);
			runOnlyForDeploymentPostprocessing = 0;
		};
/* End PBXCopyFilesBuildPhase section */

/* Begin PBXFileReference section */
		76E65CCF1D4CAE77009B7AF1 /* libRNDeviceActivity.a */ = {isa = PBXFileReference; explicitFileType = archive.ar; includeInIndex = 0; path = libRNDeviceActivity.a; sourceTree = BUILT_PRODUCTS_DIR; };
		76E65CD11D4CAE77009B7AF1 /* RNDeviceActivity.h */ = {isa = PBXFileReference; lastKnownFileType = sourcecode.c.h; path = RNDeviceActivity.h; sourceTree = "<group>"; };
		76E65CD31D4CAE77009B7AF1 /* RNDeviceActivity.m */ = {isa = PBXFileReference; lastKnownFileType = sourcecode.c.objc; path = RNDeviceActivity.m; sourceTree = "<group>"; };
/* End PBXFileReference section */

/* Begin PBXFrameworksBuildPhase section */
		76E65CCC1D4CAE77009B7AF1 /* Frameworks */ = {
			isa = PBXFrameworksBuildPhase;
			buildActionMask = 2147483647;
			files = (
			);
			runOnlyForDeploymentPostprocessing = 0;
		};
/* End PBXFrameworksBuildPhase section */

/* Begin PBXGroup section */
		76E65CD01D4CAE77009B7AF1 /* RNDeviceActivity */ = {
			isa = PBXGroup;
			children = (
				76E65CD11D4CAE77009B7AF1 /* RNDeviceActivity.h */,
				76E65CD31D4CAE77009B7AF1 /* RNDeviceActivity.m */,
			);
			path = RNDeviceActivity;
			sourceTree = "<group>";
		};
		DA5891CF1BA9A9FC002B4DB2 = {
			isa = PBXGroup;
			children = (
				76E65CD01D4CAE77009B7AF1 /* RNDeviceActivity */,
				DA5891D91BA9A9FC002B4DB2 /* Products */,
			);
			sourceTree = "<group>";
		};
		DA5891D91BA9A9FC002B4DB2 /* Products */ = {
			isa = PBXGroup;
			children = (
				76E65CCF1D4CAE77009B7AF1 /* libRNDeviceActivity.a */,
			);
			name = Products;
			sourceTree = "<group>";
		};
/* End PBXGroup section */

/* Begin PBXNativeTarget section */
		76E65CCE1D4CAE77009B7AF1 /* RNDeviceActivity */ = {
			isa = PBXNativeTarget;
			buildConfigurationList = 76E65CD71D4CAE77009B7AF1 /* Build configuration list for PBXNativeTarget "RNDeviceActivity" */;
			buildPhases = (
				76E65CCB1D4CAE77009B7AF1 /* Sources */,
				76E65CCC1D4CAE77009B7AF1 /* Frameworks */,
				76E65CCD1D4CAE77009B7AF1 /* CopyFiles */,
			);
			buildRules = (
			);
			dependencies = (
			);
			name = RNDeviceActivity;
			productName = RNDeviceActivity;
			productReference = 76E65CCF1D4CAE77009B7AF1 /* libRNDeviceActivity.a */;
			productType = "com.apple.product-type.library.static";
		};
/* End PBXNativeTarget section */

/* Begin PBXProject section */
		DA5891D01BA9A9FC002B4DB2 /* Project object */ = {
			isa = PBXProject;
			attributes = {
				LastUpgradeCheck = 0700;
				ORGANIZATIONNAME = Learnium;
				TargetAttributes = {
					76E65CCE1D4CAE77009B7AF1 = {
						CreatedOnToolsVersion = 7.3.1;
					};
				};
			};
			buildConfigurationList = DA5891D31BA9A9FC002B4DB2 /* Build configuration list for PBXProject "RNDeviceActivity" */;
			compatibilityVersion = "Xcode 3.2";
			developmentRegion = English;
			hasScannedForEncodings = 0;
			knownRegions = (
				en,
			);
			mainGroup = DA5891CF1BA9A9FC002B4DB2;
			productRefGroup = DA5891D91BA9A9FC002B4DB2 /* Products */;
			projectDirPath = "";
			projectRoot = "";
			targets = (
				76E65CCE1D4CAE77009B7AF1 /* RNDeviceActivity */,
			);
		};
/* End PBXProject section */

/* Begin PBXSourcesBuildPhase section */
		76E65CCB1D4CAE77009B7AF1 /* Sources */ = {
			isa = PBXSourcesBuildPhase;
			buildActionMask = 2147483647;
			files = (
				76E65CD41D4CAE77009B7AF1 /* RNDeviceActivity.m in Sources */,
			);
			runOnlyForDeploymentPostprocessing = 0;
		};
/* End PBXSourcesBuildPhase section */

/* Begin XCBuildConfiguration section */
		76E65CD51D4CAE77009B7AF1 /* Debug */ = {
			isa = XCBuildConfiguration;
			buildSettings = {
				CLANG_ANALYZER_NONNULL = YES;
				"CODE_SIGN_IDENTITY[sdk=iphoneos*]" = "iPhone Developer";
				FRAMEWORK_SEARCH_PATHS = (
					"$(SRCROOT)/../../React/**",
					"$(inherited)",
					"$(SRCROOT)/node_modules/react-native/React/**",
					"$(SRCROOT)/../react-native/React/**",
					"$(SRCROOT)/../../../node_modules/react-native/React/**",
				);
				IPHONEOS_DEPLOYMENT_TARGET = 9.3;
				OTHER_LDFLAGS = "-ObjC";
				PRODUCT_NAME = "$(TARGET_NAME)";
				SKIP_INSTALL = YES;
			};
			name = Debug;
		};
		76E65CD61D4CAE77009B7AF1 /* Release */ = {
			isa = XCBuildConfiguration;
			buildSettings = {
				CLANG_ANALYZER_NONNULL = YES;
				"CODE_SIGN_IDENTITY[sdk=iphoneos*]" = "iPhone Developer";
				FRAMEWORK_SEARCH_PATHS = (
					"$(SRCROOT)/../../React/**",
					"$(inherited)",
					"$(SRCROOT)/node_modules/react-native/React/**",
					"$(SRCROOT)/../react-native/React/**",
					"$(SRCROOT)/../../../node_modules/react-native/React/**",
				);
				IPHONEOS_DEPLOYMENT_TARGET = 9.3;
				OTHER_LDFLAGS = "-ObjC";
				PRODUCT_NAME = "$(TARGET_NAME)";
				SKIP_INSTALL = YES;
			};
			name = Release;
		};
		DA5891DF1BA9A9FC002B4DB2 /* Debug */ = {
			isa = XCBuildConfiguration;
			buildSettings = {
				ALWAYS_SEARCH_USER_PATHS = NO;
				CLANG_CXX_LANGUAGE_STANDARD = "gnu++0x";
				CLANG_CXX_LIBRARY = "libc++";
				CLANG_ENABLE_MODULES = YES;
				CLANG_ENABLE_OBJC_ARC = YES;
				CLANG_WARN_BOOL_CONVERSION = YES;
				CLANG_WARN_CONSTANT_CONVERSION = YES;
				CLANG_WARN_DIRECT_OBJC_ISA_USAGE = YES_ERROR;
				CLANG_WARN_EMPTY_BODY = YES;
				CLANG_WARN_ENUM_CONVERSION = YES;
				CLANG_WARN_INT_CONVERSION = YES;
				CLANG_WARN_OBJC_ROOT_CLASS = YES_ERROR;
				CLANG_WARN_UNREACHABLE_CODE = YES;
				CLANG_WARN__DUPLICATE_METHOD_MATCH = YES;
				COPY_PHASE_STRIP = NO;
				DEBUG_INFORMATION_FORMAT = dwarf;
				ENABLE_STRICT_OBJC_MSGSEND = YES;
				ENABLE_TESTABILITY = YES;
				GCC_C_LANGUAGE_STANDARD = gnu99;
				GCC_DYNAMIC_NO_PIC = NO;
				GCC_NO_COMMON_BLOCKS = YES;
				GCC_OPTIMIZATION_LEVEL = 0;
				GCC_PREPROCESSOR_DEFINITIONS = (
					"DEBUG=1",
					"$(inherited)",
				);
				GCC_WARN_64_TO_32_BIT_CONVERSION = YES;
				GCC_WARN_ABOUT_RETURN_TYPE = YES_ERROR;
				GCC_WARN_UNDECLARED_SELECTOR = YES;
				GCC_WARN_UNINITIALIZED_AUTOS = YES_AGGRESSIVE;
				GCC_WARN_UNUSED_FUNCTION = YES;
				GCC_WARN_UNUSED_VARIABLE = YES;
				IPHONEOS_DEPLOYMENT_TARGET = 9.0;
				MTL_ENABLE_DEBUG_INFO = YES;
				ONLY_ACTIVE_ARCH = YES;
				SDKROOT = iphoneos;
			};
			name = Debug;
		};
		DA5891E01BA9A9FC002B4DB2 /* Release */ = {
			isa = XCBuildConfiguration;
			buildSettings = {
				ALWAYS_SEARCH_USER_PATHS = NO;
				CLANG_CXX_LANGUAGE_STANDARD = "gnu++0x";
				CLANG_CXX_LIBRARY = "libc++";
				CLANG_ENABLE_MODULES = YES;
				CLANG_ENABLE_OBJC_ARC = YES;
				CLANG_WARN_BOOL_CONVERSION = YES;
				CLANG_WARN_CONSTANT_CONVERSION = YES;
				CLANG_WARN_DIRECT_OBJC_ISA_USAGE = YES_ERROR;
				CLANG_WARN_EMPTY_BODY = YES;
				CLANG_WARN_ENUM_CONVERSION = YES;
				CLANG_WARN_INT_CONVERSION = YES;
				CLANG_WARN_OBJC_ROOT_CLASS = YES_ERROR;
				CLANG_WARN_UNREACHABLE_CODE = YES;
				CLANG_WARN__DUPLICATE_METHOD_MATCH = YES;
				COPY_PHASE_STRIP = NO;
				DEBUG_INFORMATION_FORMAT = "dwarf-with-dsym";
				ENABLE_NS_ASSERTIONS = NO;
				ENABLE_STRICT_OBJC_MSGSEND = YES;
				GCC_C_LANGUAGE_STANDARD = gnu99;
				GCC_NO_COMMON_BLOCKS = YES;
				GCC_WARN_64_TO_32_BIT_CONVERSION = YES;
				GCC_WARN_ABOUT_RETURN_TYPE = YES_ERROR;
				GCC_WARN_UNDECLARED_SELECTOR = YES;
				GCC_WARN_UNINITIALIZED_AUTOS = YES_AGGRESSIVE;
				GCC_WARN_UNUSED_FUNCTION = YES;
				GCC_WARN_UNUSED_VARIABLE = YES;
				IPHONEOS_DEPLOYMENT_TARGET = 9.0;
				MTL_ENABLE_DEBUG_INFO = NO;
				SDKROOT = iphoneos;
				VALIDATE_PRODUCT = YES;
			};
			name = Release;
		};
/* End XCBuildConfiguration section */

/* Begin XCConfigurationList section */
		76E65CD71D4CAE77009B7AF1 /* Build configuration list for PBXNativeTarget "RNDeviceActivity" */ = {
			isa = XCConfigurationList;
			buildConfigurations = (
				76E65CD51D4CAE77009B7AF1 /* Debug */,
				76E65CD61D4CAE77009B7AF1 /* Release */,
			);
			defaultConfigurationIsVisible = 0;
			defaultConfigurationName = Release;
		};
		DA5891D31BA9A9FC002B4DB2 /* Build configuration list for PBXProject "RNDeviceActivity" */ = {
			isa = XCConfigurationList;
			buildConfigurations = (
				DA5891DF1BA9A9FC002B4DB2 /* Debug */,
				DA5891E01BA9A9FC002B4DB2 /* Release */,
			);
			defaultConfigurationIsVisible = 0;
			defaultConfigurationName = Release;
		};
/* End XCConfigurationList section */
	};
	rootObject = DA5891D01BA9A9FC002B4DB2 /* Project object */;
}
